// !$*UTF8*$!
{
	archiveVersion = 1;
	classes = {
	};
	objectVersion = 55;
	objects = {

/* Begin PBXBuildFile section */
		198256812874DCD70060BDE5 /* Double+Extension.swift in Sources */ = {isa = PBXBuildFile; fileRef = 198256802874DCD70060BDE5 /* Double+Extension.swift */; };
		198256832874DCEB0060BDE5 /* String+Extension.swift in Sources */ = {isa = PBXBuildFile; fileRef = 198256822874DCEB0060BDE5 /* String+Extension.swift */; };
		198256852875BB7D0060BDE5 /* DoubleToStringTests.swift in Sources */ = {isa = PBXBuildFile; fileRef = 198256842875BB7D0060BDE5 /* DoubleToStringTests.swift */; };
		198256872875BD420060BDE5 /* StateToTextTests.swift in Sources */ = {isa = PBXBuildFile; fileRef = 198256862875BD420060BDE5 /* StateToTextTests.swift */; };
		19A3B1DA28808A89008F0FE2 /* StateMachine.swift in Sources */ = {isa = PBXBuildFile; fileRef = 19A3B1D928808A89008F0FE2 /* StateMachine.swift */; };
		19A3B1DC28809327008F0FE2 /* Calculator.swift in Sources */ = {isa = PBXBuildFile; fileRef = 19A3B1DB28809327008F0FE2 /* Calculator.swift */; };
		19A3B1DE2885597F008F0FE2 /* Validator.swift in Sources */ = {isa = PBXBuildFile; fileRef = 19A3B1DD2885597F008F0FE2 /* Validator.swift */; };
		19A3B1E028858962008F0FE2 /* Formatter.swift in Sources */ = {isa = PBXBuildFile; fileRef = 19A3B1DF28858961008F0FE2 /* Formatter.swift */; };
		19A3B1E22885960E008F0FE2 /* AppConsts.swift in Sources */ = {isa = PBXBuildFile; fileRef = 19A3B1E12885960E008F0FE2 /* AppConsts.swift */; };
		19A3B1E42886AAB7008F0FE2 /* MakeTextTests.swift in Sources */ = {isa = PBXBuildFile; fileRef = 19A3B1E32886AAB7008F0FE2 /* MakeTextTests.swift */; };
		19A3B1E62889DEC9008F0FE2 /* CalculatorTests.swift in Sources */ = {isa = PBXBuildFile; fileRef = 19A3B1E52889DEC9008F0FE2 /* CalculatorTests.swift */; };
		19A3B1E82889DEE0008F0FE2 /* ValidatorTests.swift in Sources */ = {isa = PBXBuildFile; fileRef = 19A3B1E72889DEE0008F0FE2 /* ValidatorTests.swift */; };
		19A3B1EA2889DEF1008F0FE2 /* FormatterTests.swift in Sources */ = {isa = PBXBuildFile; fileRef = 19A3B1E92889DEF1008F0FE2 /* FormatterTests.swift */; };
		19A3B1EC288D8B87008F0FE2 /* Array+Extension.swift in Sources */ = {isa = PBXBuildFile; fileRef = 19A3B1EB288D8B87008F0FE2 /* Array+Extension.swift */; };
		19FD26382872F3CD003E09C3 /* AppDelegate.swift in Sources */ = {isa = PBXBuildFile; fileRef = 19FD26372872F3CD003E09C3 /* AppDelegate.swift */; };
		19FD263A2872F3CD003E09C3 /* SceneDelegate.swift in Sources */ = {isa = PBXBuildFile; fileRef = 19FD26392872F3CD003E09C3 /* SceneDelegate.swift */; };
		19FD263C2872F3CD003E09C3 /* MainViewController.swift in Sources */ = {isa = PBXBuildFile; fileRef = 19FD263B2872F3CD003E09C3 /* MainViewController.swift */; };
		19FD26422872F3CD003E09C3 /* CurrencyConverter.xcdatamodeld in Sources */ = {isa = PBXBuildFile; fileRef = 19FD26402872F3CD003E09C3 /* CurrencyConverter.xcdatamodeld */; };
		19FD26442872F3D0003E09C3 /* Assets.xcassets in Resources */ = {isa = PBXBuildFile; fileRef = 19FD26432872F3D0003E09C3 /* Assets.xcassets */; };
		19FD26472872F3D0003E09C3 /* LaunchScreen.storyboard in Resources */ = {isa = PBXBuildFile; fileRef = 19FD26452872F3D0003E09C3 /* LaunchScreen.storyboard */; };
		19FD26522872F3D0003E09C3 /* StateMachineTests.swift in Sources */ = {isa = PBXBuildFile; fileRef = 19FD26512872F3D0003E09C3 /* StateMachineTests.swift */; };
		19FD265C2872F3D0003E09C3 /* CurrencyConverterUITests.swift in Sources */ = {isa = PBXBuildFile; fileRef = 19FD265B2872F3D0003E09C3 /* CurrencyConverterUITests.swift */; };
		19FD265E2872F3D0003E09C3 /* CurrencyConverterUITestsLaunchTests.swift in Sources */ = {isa = PBXBuildFile; fileRef = 19FD265D2872F3D0003E09C3 /* CurrencyConverterUITestsLaunchTests.swift */; };
		19FD266C287337C1003E09C3 /* UIButton+Extension.swift in Sources */ = {isa = PBXBuildFile; fileRef = 19FD266B287337C1003E09C3 /* UIButton+Extension.swift */; };
		19FD2672287340CB003E09C3 /* SF-Pro.ttf in Resources */ = {isa = PBXBuildFile; fileRef = 19FD2671287340CB003E09C3 /* SF-Pro.ttf */; };
		19FD26752873473B003E09C3 /* ButtonViewModel.swift in Sources */ = {isa = PBXBuildFile; fileRef = 19FD26742873473B003E09C3 /* ButtonViewModel.swift */; };
		19FD267E28747CDD003E09C3 /* MainViewModel.swift in Sources */ = {isa = PBXBuildFile; fileRef = 19FD267D28747CDD003E09C3 /* MainViewModel.swift */; };
		19FD26802874B8FF003E09C3 /* MainAssembly.swift in Sources */ = {isa = PBXBuildFile; fileRef = 19FD267F2874B8FF003E09C3 /* MainAssembly.swift */; };
		403098E908629CFA1A4F2D21 /* Pods_CurrencyConverter_CurrencyConverterUITests.framework in Frameworks */ = {isa = PBXBuildFile; fileRef = 73EB50048D87A8C4B5AF26E6 /* Pods_CurrencyConverter_CurrencyConverterUITests.framework */; };
		43032F6AADDC60482C2A7883 /* Pods_CurrencyConverterTests.framework in Frameworks */ = {isa = PBXBuildFile; fileRef = C4374D9A7BC6C54DDA9146C9 /* Pods_CurrencyConverterTests.framework */; };
		F7C230CF03C8C6295E4102E3 /* Pods_CurrencyConverter.framework in Frameworks */ = {isa = PBXBuildFile; fileRef = 0D6D86EB764D1FC39C93B424 /* Pods_CurrencyConverter.framework */; };
/* End PBXBuildFile section */

/* Begin PBXContainerItemProxy section */
		19FD264E2872F3D0003E09C3 /* PBXContainerItemProxy */ = {
			isa = PBXContainerItemProxy;
			containerPortal = 19FD262C2872F3CC003E09C3 /* Project object */;
			proxyType = 1;
			remoteGlobalIDString = 19FD26332872F3CC003E09C3;
			remoteInfo = CurrencyConverter;
		};
		19FD26582872F3D0003E09C3 /* PBXContainerItemProxy */ = {
			isa = PBXContainerItemProxy;
			containerPortal = 19FD262C2872F3CC003E09C3 /* Project object */;
			proxyType = 1;
			remoteGlobalIDString = 19FD26332872F3CC003E09C3;
			remoteInfo = CurrencyConverter;
		};
/* End PBXContainerItemProxy section */

/* Begin PBXFileReference section */
		04B941E0F8378AB92CBD20A2 /* Pods-CurrencyConverterTests.release.xcconfig */ = {isa = PBXFileReference; includeInIndex = 1; lastKnownFileType = text.xcconfig; name = "Pods-CurrencyConverterTests.release.xcconfig"; path = "Target Support Files/Pods-CurrencyConverterTests/Pods-CurrencyConverterTests.release.xcconfig"; sourceTree = "<group>"; };
		0D6D86EB764D1FC39C93B424 /* Pods_CurrencyConverter.framework */ = {isa = PBXFileReference; explicitFileType = wrapper.framework; includeInIndex = 0; path = Pods_CurrencyConverter.framework; sourceTree = BUILT_PRODUCTS_DIR; };
		198256802874DCD70060BDE5 /* Double+Extension.swift */ = {isa = PBXFileReference; lastKnownFileType = sourcecode.swift; path = "Double+Extension.swift"; sourceTree = "<group>"; };
		198256822874DCEB0060BDE5 /* String+Extension.swift */ = {isa = PBXFileReference; lastKnownFileType = sourcecode.swift; path = "String+Extension.swift"; sourceTree = "<group>"; };
		198256842875BB7D0060BDE5 /* DoubleToStringTests.swift */ = {isa = PBXFileReference; lastKnownFileType = sourcecode.swift; path = DoubleToStringTests.swift; sourceTree = "<group>"; };
		198256862875BD420060BDE5 /* StateToTextTests.swift */ = {isa = PBXFileReference; lastKnownFileType = sourcecode.swift; path = StateToTextTests.swift; sourceTree = "<group>"; };
		19A3B1D928808A89008F0FE2 /* StateMachine.swift */ = {isa = PBXFileReference; lastKnownFileType = sourcecode.swift; path = StateMachine.swift; sourceTree = "<group>"; };
		19A3B1DB28809327008F0FE2 /* Calculator.swift */ = {isa = PBXFileReference; lastKnownFileType = sourcecode.swift; path = Calculator.swift; sourceTree = "<group>"; };
		19A3B1DD2885597F008F0FE2 /* Validator.swift */ = {isa = PBXFileReference; lastKnownFileType = sourcecode.swift; path = Validator.swift; sourceTree = "<group>"; };
		19A3B1DF28858961008F0FE2 /* Formatter.swift */ = {isa = PBXFileReference; lastKnownFileType = sourcecode.swift; path = Formatter.swift; sourceTree = "<group>"; };
		19A3B1E12885960E008F0FE2 /* AppConsts.swift */ = {isa = PBXFileReference; lastKnownFileType = sourcecode.swift; path = AppConsts.swift; sourceTree = "<group>"; };
		19A3B1E32886AAB7008F0FE2 /* MakeTextTests.swift */ = {isa = PBXFileReference; lastKnownFileType = sourcecode.swift; path = MakeTextTests.swift; sourceTree = "<group>"; };
		19A3B1E52889DEC9008F0FE2 /* CalculatorTests.swift */ = {isa = PBXFileReference; lastKnownFileType = sourcecode.swift; path = CalculatorTests.swift; sourceTree = "<group>"; };
		19A3B1E72889DEE0008F0FE2 /* ValidatorTests.swift */ = {isa = PBXFileReference; lastKnownFileType = sourcecode.swift; path = ValidatorTests.swift; sourceTree = "<group>"; };
		19A3B1E92889DEF1008F0FE2 /* FormatterTests.swift */ = {isa = PBXFileReference; lastKnownFileType = sourcecode.swift; path = FormatterTests.swift; sourceTree = "<group>"; };
		19A3B1EB288D8B87008F0FE2 /* Array+Extension.swift */ = {isa = PBXFileReference; lastKnownFileType = sourcecode.swift; path = "Array+Extension.swift"; sourceTree = "<group>"; };
		19FD26342872F3CD003E09C3 /* CurrencyConverter.app */ = {isa = PBXFileReference; explicitFileType = wrapper.application; includeInIndex = 0; path = CurrencyConverter.app; sourceTree = BUILT_PRODUCTS_DIR; };
		19FD26372872F3CD003E09C3 /* AppDelegate.swift */ = {isa = PBXFileReference; lastKnownFileType = sourcecode.swift; path = AppDelegate.swift; sourceTree = "<group>"; };
		19FD26392872F3CD003E09C3 /* SceneDelegate.swift */ = {isa = PBXFileReference; lastKnownFileType = sourcecode.swift; path = SceneDelegate.swift; sourceTree = "<group>"; };
		19FD263B2872F3CD003E09C3 /* MainViewController.swift */ = {isa = PBXFileReference; lastKnownFileType = sourcecode.swift; path = MainViewController.swift; sourceTree = "<group>"; };
		19FD26412872F3CD003E09C3 /* CurrencyConverter.xcdatamodel */ = {isa = PBXFileReference; lastKnownFileType = wrapper.xcdatamodel; path = CurrencyConverter.xcdatamodel; sourceTree = "<group>"; };
		19FD26432872F3D0003E09C3 /* Assets.xcassets */ = {isa = PBXFileReference; lastKnownFileType = folder.assetcatalog; path = Assets.xcassets; sourceTree = "<group>"; };
		19FD26462872F3D0003E09C3 /* Base */ = {isa = PBXFileReference; lastKnownFileType = file.storyboard; name = Base; path = Base.lproj/LaunchScreen.storyboard; sourceTree = "<group>"; };
		19FD26482872F3D0003E09C3 /* Info.plist */ = {isa = PBXFileReference; lastKnownFileType = text.plist.xml; path = Info.plist; sourceTree = "<group>"; };
		19FD264D2872F3D0003E09C3 /* CurrencyConverterTests.xctest */ = {isa = PBXFileReference; explicitFileType = wrapper.cfbundle; includeInIndex = 0; path = CurrencyConverterTests.xctest; sourceTree = BUILT_PRODUCTS_DIR; };
		19FD26512872F3D0003E09C3 /* StateMachineTests.swift */ = {isa = PBXFileReference; lastKnownFileType = sourcecode.swift; path = StateMachineTests.swift; sourceTree = "<group>"; };
		19FD26572872F3D0003E09C3 /* CurrencyConverterUITests.xctest */ = {isa = PBXFileReference; explicitFileType = wrapper.cfbundle; includeInIndex = 0; path = CurrencyConverterUITests.xctest; sourceTree = BUILT_PRODUCTS_DIR; };
		19FD265B2872F3D0003E09C3 /* CurrencyConverterUITests.swift */ = {isa = PBXFileReference; lastKnownFileType = sourcecode.swift; path = CurrencyConverterUITests.swift; sourceTree = "<group>"; };
		19FD265D2872F3D0003E09C3 /* CurrencyConverterUITestsLaunchTests.swift */ = {isa = PBXFileReference; lastKnownFileType = sourcecode.swift; path = CurrencyConverterUITestsLaunchTests.swift; sourceTree = "<group>"; };
		19FD266B287337C1003E09C3 /* UIButton+Extension.swift */ = {isa = PBXFileReference; lastKnownFileType = sourcecode.swift; path = "UIButton+Extension.swift"; sourceTree = "<group>"; };
		19FD2671287340CB003E09C3 /* SF-Pro.ttf */ = {isa = PBXFileReference; lastKnownFileType = file; path = "SF-Pro.ttf"; sourceTree = "<group>"; };
		19FD26742873473B003E09C3 /* ButtonViewModel.swift */ = {isa = PBXFileReference; lastKnownFileType = sourcecode.swift; path = ButtonViewModel.swift; sourceTree = "<group>"; };
		19FD267D28747CDD003E09C3 /* MainViewModel.swift */ = {isa = PBXFileReference; lastKnownFileType = sourcecode.swift; path = MainViewModel.swift; sourceTree = "<group>"; };
		19FD267F2874B8FF003E09C3 /* MainAssembly.swift */ = {isa = PBXFileReference; lastKnownFileType = sourcecode.swift; path = MainAssembly.swift; sourceTree = "<group>"; };
		2FE14B61D0A0706C154CDEBE /* Pods-CurrencyConverter-CurrencyConverterUITests.debug.xcconfig */ = {isa = PBXFileReference; includeInIndex = 1; lastKnownFileType = text.xcconfig; name = "Pods-CurrencyConverter-CurrencyConverterUITests.debug.xcconfig"; path = "Target Support Files/Pods-CurrencyConverter-CurrencyConverterUITests/Pods-CurrencyConverter-CurrencyConverterUITests.debug.xcconfig"; sourceTree = "<group>"; };
		5E881A7FC48D4F474E744FBD /* Pods-CurrencyConverterTests.debug.xcconfig */ = {isa = PBXFileReference; includeInIndex = 1; lastKnownFileType = text.xcconfig; name = "Pods-CurrencyConverterTests.debug.xcconfig"; path = "Target Support Files/Pods-CurrencyConverterTests/Pods-CurrencyConverterTests.debug.xcconfig"; sourceTree = "<group>"; };
		6C369FA565FCDEE24E9905C8 /* Pods-CurrencyConverter.debug.xcconfig */ = {isa = PBXFileReference; includeInIndex = 1; lastKnownFileType = text.xcconfig; name = "Pods-CurrencyConverter.debug.xcconfig"; path = "Target Support Files/Pods-CurrencyConverter/Pods-CurrencyConverter.debug.xcconfig"; sourceTree = "<group>"; };
		73EB50048D87A8C4B5AF26E6 /* Pods_CurrencyConverter_CurrencyConverterUITests.framework */ = {isa = PBXFileReference; explicitFileType = wrapper.framework; includeInIndex = 0; path = Pods_CurrencyConverter_CurrencyConverterUITests.framework; sourceTree = BUILT_PRODUCTS_DIR; };
		BB5B0C6981B826ED4512E872 /* Pods-CurrencyConverter-CurrencyConverterUITests.release.xcconfig */ = {isa = PBXFileReference; includeInIndex = 1; lastKnownFileType = text.xcconfig; name = "Pods-CurrencyConverter-CurrencyConverterUITests.release.xcconfig"; path = "Target Support Files/Pods-CurrencyConverter-CurrencyConverterUITests/Pods-CurrencyConverter-CurrencyConverterUITests.release.xcconfig"; sourceTree = "<group>"; };
		C4374D9A7BC6C54DDA9146C9 /* Pods_CurrencyConverterTests.framework */ = {isa = PBXFileReference; explicitFileType = wrapper.framework; includeInIndex = 0; path = Pods_CurrencyConverterTests.framework; sourceTree = BUILT_PRODUCTS_DIR; };
		F4CEF0BE38A22FE28C6E1724 /* Pods-CurrencyConverter.release.xcconfig */ = {isa = PBXFileReference; includeInIndex = 1; lastKnownFileType = text.xcconfig; name = "Pods-CurrencyConverter.release.xcconfig"; path = "Target Support Files/Pods-CurrencyConverter/Pods-CurrencyConverter.release.xcconfig"; sourceTree = "<group>"; };
/* End PBXFileReference section */

/* Begin PBXFrameworksBuildPhase section */
		19FD26312872F3CC003E09C3 /* Frameworks */ = {
			isa = PBXFrameworksBuildPhase;
			buildActionMask = 2147483647;
			files = (
				F7C230CF03C8C6295E4102E3 /* Pods_CurrencyConverter.framework in Frameworks */,
			);
			runOnlyForDeploymentPostprocessing = 0;
		};
		19FD264A2872F3D0003E09C3 /* Frameworks */ = {
			isa = PBXFrameworksBuildPhase;
			buildActionMask = 2147483647;
			files = (
				43032F6AADDC60482C2A7883 /* Pods_CurrencyConverterTests.framework in Frameworks */,
			);
			runOnlyForDeploymentPostprocessing = 0;
		};
		19FD26542872F3D0003E09C3 /* Frameworks */ = {
			isa = PBXFrameworksBuildPhase;
			buildActionMask = 2147483647;
			files = (
				403098E908629CFA1A4F2D21 /* Pods_CurrencyConverter_CurrencyConverterUITests.framework in Frameworks */,
			);
			runOnlyForDeploymentPostprocessing = 0;
		};
/* End PBXFrameworksBuildPhase section */

/* Begin PBXGroup section */
		19FD262B2872F3CC003E09C3 = {
			isa = PBXGroup;
			children = (
				19FD26362872F3CD003E09C3 /* CurrencyConverter */,
				19FD26502872F3D0003E09C3 /* CurrencyConverterTests */,
				19FD265A2872F3D0003E09C3 /* CurrencyConverterUITests */,
				19FD26352872F3CD003E09C3 /* Products */,
				6DD5F52FFB22E620580990FF /* Pods */,
				1E6339FC949CA10EE63CCC5F /* Frameworks */,
			);
			sourceTree = "<group>";
		};
		19FD26352872F3CD003E09C3 /* Products */ = {
			isa = PBXGroup;
			children = (
				19FD26342872F3CD003E09C3 /* CurrencyConverter.app */,
				19FD264D2872F3D0003E09C3 /* CurrencyConverterTests.xctest */,
				19FD26572872F3D0003E09C3 /* CurrencyConverterUITests.xctest */,
			);
			name = Products;
			sourceTree = "<group>";
		};
		19FD26362872F3CD003E09C3 /* CurrencyConverter */ = {
			isa = PBXGroup;
			children = (
				19FD267328734719003E09C3 /* Models */,
				19FD267028734099003E09C3 /* Fonts */,
				19FD266A287337A5003E09C3 /* Extensions */,
				19FD26372872F3CD003E09C3 /* AppDelegate.swift */,
				19FD26392872F3CD003E09C3 /* SceneDelegate.swift */,
				19FD263B2872F3CD003E09C3 /* MainViewController.swift */,
				19FD267D28747CDD003E09C3 /* MainViewModel.swift */,
				19FD267F2874B8FF003E09C3 /* MainAssembly.swift */,
				19FD26432872F3D0003E09C3 /* Assets.xcassets */,
				19FD26452872F3D0003E09C3 /* LaunchScreen.storyboard */,
				19FD26482872F3D0003E09C3 /* Info.plist */,
				19FD26402872F3CD003E09C3 /* CurrencyConverter.xcdatamodeld */,
				19A3B1D928808A89008F0FE2 /* StateMachine.swift */,
				19A3B1DB28809327008F0FE2 /* Calculator.swift */,
				19A3B1DD2885597F008F0FE2 /* Validator.swift */,
				19A3B1DF28858961008F0FE2 /* Formatter.swift */,
			);
			path = CurrencyConverter;
			sourceTree = "<group>";
		};
		19FD26502872F3D0003E09C3 /* CurrencyConverterTests */ = {
			isa = PBXGroup;
			children = (
				19FD26512872F3D0003E09C3 /* StateMachineTests.swift */,
				19A3B1E52889DEC9008F0FE2 /* CalculatorTests.swift */,
				19A3B1E72889DEE0008F0FE2 /* ValidatorTests.swift */,
				19A3B1E92889DEF1008F0FE2 /* FormatterTests.swift */,
				19A3B1E32886AAB7008F0FE2 /* MakeTextTests.swift */,
				198256842875BB7D0060BDE5 /* DoubleToStringTests.swift */,
				198256862875BD420060BDE5 /* StateToTextTests.swift */,
			);
			path = CurrencyConverterTests;
			sourceTree = "<group>";
		};
		19FD265A2872F3D0003E09C3 /* CurrencyConverterUITests */ = {
			isa = PBXGroup;
			children = (
				19FD265B2872F3D0003E09C3 /* CurrencyConverterUITests.swift */,
				19FD265D2872F3D0003E09C3 /* CurrencyConverterUITestsLaunchTests.swift */,
			);
			path = CurrencyConverterUITests;
			sourceTree = "<group>";
		};
		19FD266A287337A5003E09C3 /* Extensions */ = {
			isa = PBXGroup;
			children = (
				19FD266B287337C1003E09C3 /* UIButton+Extension.swift */,
				198256802874DCD70060BDE5 /* Double+Extension.swift */,
				198256822874DCEB0060BDE5 /* String+Extension.swift */,
				19A3B1EB288D8B87008F0FE2 /* Array+Extension.swift */,
			);
			path = Extensions;
			sourceTree = "<group>";
		};
		19FD267028734099003E09C3 /* Fonts */ = {
			isa = PBXGroup;
			children = (
				19FD2671287340CB003E09C3 /* SF-Pro.ttf */,
			);
			path = Fonts;
			sourceTree = "<group>";
		};
		19FD267328734719003E09C3 /* Models */ = {
			isa = PBXGroup;
			children = (
				19FD26742873473B003E09C3 /* ButtonViewModel.swift */,
				19A3B1E12885960E008F0FE2 /* AppConsts.swift */,
			);
			path = Models;
			sourceTree = "<group>";
		};
		1E6339FC949CA10EE63CCC5F /* Frameworks */ = {
			isa = PBXGroup;
			children = (
				0D6D86EB764D1FC39C93B424 /* Pods_CurrencyConverter.framework */,
				73EB50048D87A8C4B5AF26E6 /* Pods_CurrencyConverter_CurrencyConverterUITests.framework */,
				C4374D9A7BC6C54DDA9146C9 /* Pods_CurrencyConverterTests.framework */,
			);
			name = Frameworks;
			sourceTree = "<group>";
		};
		6DD5F52FFB22E620580990FF /* Pods */ = {
			isa = PBXGroup;
			children = (
				6C369FA565FCDEE24E9905C8 /* Pods-CurrencyConverter.debug.xcconfig */,
				F4CEF0BE38A22FE28C6E1724 /* Pods-CurrencyConverter.release.xcconfig */,
				2FE14B61D0A0706C154CDEBE /* Pods-CurrencyConverter-CurrencyConverterUITests.debug.xcconfig */,
				BB5B0C6981B826ED4512E872 /* Pods-CurrencyConverter-CurrencyConverterUITests.release.xcconfig */,
				5E881A7FC48D4F474E744FBD /* Pods-CurrencyConverterTests.debug.xcconfig */,
				04B941E0F8378AB92CBD20A2 /* Pods-CurrencyConverterTests.release.xcconfig */,
			);
			path = Pods;
			sourceTree = "<group>";
		};
/* End PBXGroup section */

/* Begin PBXNativeTarget section */
		19FD26332872F3CC003E09C3 /* CurrencyConverter */ = {
			isa = PBXNativeTarget;
			buildConfigurationList = 19FD26612872F3D0003E09C3 /* Build configuration list for PBXNativeTarget "CurrencyConverter" */;
			buildPhases = (
				2262D2B5650C884FDB27ED71 /* [CP] Check Pods Manifest.lock */,
				19FD26302872F3CC003E09C3 /* Sources */,
				19FD26312872F3CC003E09C3 /* Frameworks */,
				19FD26322872F3CC003E09C3 /* Resources */,
				E62A875ACC0C1B559CC7E25E /* [CP] Embed Pods Frameworks */,
			);
			buildRules = (
			);
			dependencies = (
			);
			name = CurrencyConverter;
			productName = CurrencyConverter;
			productReference = 19FD26342872F3CD003E09C3 /* CurrencyConverter.app */;
			productType = "com.apple.product-type.application";
		};
		19FD264C2872F3D0003E09C3 /* CurrencyConverterTests */ = {
			isa = PBXNativeTarget;
			buildConfigurationList = 19FD26642872F3D0003E09C3 /* Build configuration list for PBXNativeTarget "CurrencyConverterTests" */;
			buildPhases = (
				63FB83BAD88BF77C0D28BAE9 /* [CP] Check Pods Manifest.lock */,
				19FD26492872F3D0003E09C3 /* Sources */,
				19FD264A2872F3D0003E09C3 /* Frameworks */,
				19FD264B2872F3D0003E09C3 /* Resources */,
			);
			buildRules = (
			);
			dependencies = (
				19FD264F2872F3D0003E09C3 /* PBXTargetDependency */,
			);
			name = CurrencyConverterTests;
			productName = CurrencyConverterTests;
			productReference = 19FD264D2872F3D0003E09C3 /* CurrencyConverterTests.xctest */;
			productType = "com.apple.product-type.bundle.unit-test";
		};
		19FD26562872F3D0003E09C3 /* CurrencyConverterUITests */ = {
			isa = PBXNativeTarget;
			buildConfigurationList = 19FD26672872F3D0003E09C3 /* Build configuration list for PBXNativeTarget "CurrencyConverterUITests" */;
			buildPhases = (
				362DE35839F62C2898801A2D /* [CP] Check Pods Manifest.lock */,
				19FD26532872F3D0003E09C3 /* Sources */,
				19FD26542872F3D0003E09C3 /* Frameworks */,
				19FD26552872F3D0003E09C3 /* Resources */,
				4BDEEDFCBD060A6857C6286A /* [CP] Embed Pods Frameworks */,
			);
			buildRules = (
			);
			dependencies = (
				19FD26592872F3D0003E09C3 /* PBXTargetDependency */,
			);
			name = CurrencyConverterUITests;
			productName = CurrencyConverterUITests;
			productReference = 19FD26572872F3D0003E09C3 /* CurrencyConverterUITests.xctest */;
			productType = "com.apple.product-type.bundle.ui-testing";
		};
/* End PBXNativeTarget section */

/* Begin PBXProject section */
		19FD262C2872F3CC003E09C3 /* Project object */ = {
			isa = PBXProject;
			attributes = {
				BuildIndependentTargetsInParallel = 1;
				LastSwiftUpdateCheck = 1330;
				LastUpgradeCheck = 1330;
				TargetAttributes = {
					19FD26332872F3CC003E09C3 = {
						CreatedOnToolsVersion = 13.3;
					};
					19FD264C2872F3D0003E09C3 = {
						CreatedOnToolsVersion = 13.3;
						TestTargetID = 19FD26332872F3CC003E09C3;
					};
					19FD26562872F3D0003E09C3 = {
						CreatedOnToolsVersion = 13.3;
						TestTargetID = 19FD26332872F3CC003E09C3;
					};
				};
			};
			buildConfigurationList = 19FD262F2872F3CC003E09C3 /* Build configuration list for PBXProject "CurrencyConverter" */;
			compatibilityVersion = "Xcode 13.0";
			developmentRegion = en;
			hasScannedForEncodings = 0;
			knownRegions = (
				en,
				Base,
			);
			mainGroup = 19FD262B2872F3CC003E09C3;
			productRefGroup = 19FD26352872F3CD003E09C3 /* Products */;
			projectDirPath = "";
			projectRoot = "";
			targets = (
				19FD26332872F3CC003E09C3 /* CurrencyConverter */,
				19FD264C2872F3D0003E09C3 /* CurrencyConverterTests */,
				19FD26562872F3D0003E09C3 /* CurrencyConverterUITests */,
			);
		};
/* End PBXProject section */

/* Begin PBXResourcesBuildPhase section */
		19FD26322872F3CC003E09C3 /* Resources */ = {
			isa = PBXResourcesBuildPhase;
			buildActionMask = 2147483647;
			files = (
				19FD26472872F3D0003E09C3 /* LaunchScreen.storyboard in Resources */,
				19FD2672287340CB003E09C3 /* SF-Pro.ttf in Resources */,
				19FD26442872F3D0003E09C3 /* Assets.xcassets in Resources */,
			);
			runOnlyForDeploymentPostprocessing = 0;
		};
		19FD264B2872F3D0003E09C3 /* Resources */ = {
			isa = PBXResourcesBuildPhase;
			buildActionMask = 2147483647;
			files = (
			);
			runOnlyForDeploymentPostprocessing = 0;
		};
		19FD26552872F3D0003E09C3 /* Resources */ = {
			isa = PBXResourcesBuildPhase;
			buildActionMask = 2147483647;
			files = (
			);
			runOnlyForDeploymentPostprocessing = 0;
		};
/* End PBXResourcesBuildPhase section */

/* Begin PBXShellScriptBuildPhase section */
		2262D2B5650C884FDB27ED71 /* [CP] Check Pods Manifest.lock */ = {
			isa = PBXShellScriptBuildPhase;
			buildActionMask = 2147483647;
			files = (
			);
			inputFileListPaths = (
			);
			inputPaths = (
				"${PODS_PODFILE_DIR_PATH}/Podfile.lock",
				"${PODS_ROOT}/Manifest.lock",
			);
			name = "[CP] Check Pods Manifest.lock";
			outputFileListPaths = (
			);
			outputPaths = (
				"$(DERIVED_FILE_DIR)/Pods-CurrencyConverter-checkManifestLockResult.txt",
			);
			runOnlyForDeploymentPostprocessing = 0;
			shellPath = /bin/sh;
			shellScript = "diff \"${PODS_PODFILE_DIR_PATH}/Podfile.lock\" \"${PODS_ROOT}/Manifest.lock\" > /dev/null\nif [ $? != 0 ] ; then\n    # print error to STDERR\n    echo \"error: The sandbox is not in sync with the Podfile.lock. Run 'pod install' or update your CocoaPods installation.\" >&2\n    exit 1\nfi\n# This output is used by Xcode 'outputs' to avoid re-running this script phase.\necho \"SUCCESS\" > \"${SCRIPT_OUTPUT_FILE_0}\"\n";
			showEnvVarsInLog = 0;
		};
		362DE35839F62C2898801A2D /* [CP] Check Pods Manifest.lock */ = {
			isa = PBXShellScriptBuildPhase;
			buildActionMask = 2147483647;
			files = (
			);
			inputFileListPaths = (
			);
			inputPaths = (
				"${PODS_PODFILE_DIR_PATH}/Podfile.lock",
				"${PODS_ROOT}/Manifest.lock",
			);
			name = "[CP] Check Pods Manifest.lock";
			outputFileListPaths = (
			);
			outputPaths = (
				"$(DERIVED_FILE_DIR)/Pods-CurrencyConverter-CurrencyConverterUITests-checkManifestLockResult.txt",
			);
			runOnlyForDeploymentPostprocessing = 0;
			shellPath = /bin/sh;
			shellScript = "diff \"${PODS_PODFILE_DIR_PATH}/Podfile.lock\" \"${PODS_ROOT}/Manifest.lock\" > /dev/null\nif [ $? != 0 ] ; then\n    # print error to STDERR\n    echo \"error: The sandbox is not in sync with the Podfile.lock. Run 'pod install' or update your CocoaPods installation.\" >&2\n    exit 1\nfi\n# This output is used by Xcode 'outputs' to avoid re-running this script phase.\necho \"SUCCESS\" > \"${SCRIPT_OUTPUT_FILE_0}\"\n";
			showEnvVarsInLog = 0;
		};
		4BDEEDFCBD060A6857C6286A /* [CP] Embed Pods Frameworks */ = {
			isa = PBXShellScriptBuildPhase;
			buildActionMask = 2147483647;
			files = (
			);
			inputFileListPaths = (
				"${PODS_ROOT}/Target Support Files/Pods-CurrencyConverter-CurrencyConverterUITests/Pods-CurrencyConverter-CurrencyConverterUITests-frameworks-${CONFIGURATION}-input-files.xcfilelist",
			);
			name = "[CP] Embed Pods Frameworks";
			outputFileListPaths = (
				"${PODS_ROOT}/Target Support Files/Pods-CurrencyConverter-CurrencyConverterUITests/Pods-CurrencyConverter-CurrencyConverterUITests-frameworks-${CONFIGURATION}-output-files.xcfilelist",
			);
			runOnlyForDeploymentPostprocessing = 0;
			shellPath = /bin/sh;
			shellScript = "\"${PODS_ROOT}/Target Support Files/Pods-CurrencyConverter-CurrencyConverterUITests/Pods-CurrencyConverter-CurrencyConverterUITests-frameworks.sh\"\n";
			showEnvVarsInLog = 0;
		};
		63FB83BAD88BF77C0D28BAE9 /* [CP] Check Pods Manifest.lock */ = {
			isa = PBXShellScriptBuildPhase;
			buildActionMask = 2147483647;
			files = (
			);
			inputFileListPaths = (
			);
			inputPaths = (
				"${PODS_PODFILE_DIR_PATH}/Podfile.lock",
				"${PODS_ROOT}/Manifest.lock",
			);
			name = "[CP] Check Pods Manifest.lock";
			outputFileListPaths = (
			);
			outputPaths = (
				"$(DERIVED_FILE_DIR)/Pods-CurrencyConverterTests-checkManifestLockResult.txt",
			);
			runOnlyForDeploymentPostprocessing = 0;
			shellPath = /bin/sh;
			shellScript = "diff \"${PODS_PODFILE_DIR_PATH}/Podfile.lock\" \"${PODS_ROOT}/Manifest.lock\" > /dev/null\nif [ $? != 0 ] ; then\n    # print error to STDERR\n    echo \"error: The sandbox is not in sync with the Podfile.lock. Run 'pod install' or update your CocoaPods installation.\" >&2\n    exit 1\nfi\n# This output is used by Xcode 'outputs' to avoid re-running this script phase.\necho \"SUCCESS\" > \"${SCRIPT_OUTPUT_FILE_0}\"\n";
			showEnvVarsInLog = 0;
		};
		E62A875ACC0C1B559CC7E25E /* [CP] Embed Pods Frameworks */ = {
			isa = PBXShellScriptBuildPhase;
			buildActionMask = 2147483647;
			files = (
			);
			inputFileListPaths = (
				"${PODS_ROOT}/Target Support Files/Pods-CurrencyConverter/Pods-CurrencyConverter-frameworks-${CONFIGURATION}-input-files.xcfilelist",
			);
			name = "[CP] Embed Pods Frameworks";
			outputFileListPaths = (
				"${PODS_ROOT}/Target Support Files/Pods-CurrencyConverter/Pods-CurrencyConverter-frameworks-${CONFIGURATION}-output-files.xcfilelist",
			);
			runOnlyForDeploymentPostprocessing = 0;
			shellPath = /bin/sh;
			shellScript = "\"${PODS_ROOT}/Target Support Files/Pods-CurrencyConverter/Pods-CurrencyConverter-frameworks.sh\"\n";
			showEnvVarsInLog = 0;
		};
/* End PBXShellScriptBuildPhase section */

/* Begin PBXSourcesBuildPhase section */
		19FD26302872F3CC003E09C3 /* Sources */ = {
			isa = PBXSourcesBuildPhase;
			buildActionMask = 2147483647;
			files = (
				19FD267E28747CDD003E09C3 /* MainViewModel.swift in Sources */,
				19FD26752873473B003E09C3 /* ButtonViewModel.swift in Sources */,
				198256812874DCD70060BDE5 /* Double+Extension.swift in Sources */,
				19FD26802874B8FF003E09C3 /* MainAssembly.swift in Sources */,
				19A3B1DE2885597F008F0FE2 /* Validator.swift in Sources */,
				19FD263C2872F3CD003E09C3 /* MainViewController.swift in Sources */,
				19A3B1DC28809327008F0FE2 /* Calculator.swift in Sources */,
				19A3B1EC288D8B87008F0FE2 /* Array+Extension.swift in Sources */,
				19FD26422872F3CD003E09C3 /* CurrencyConverter.xcdatamodeld in Sources */,
				19A3B1DA28808A89008F0FE2 /* StateMachine.swift in Sources */,
				19FD26382872F3CD003E09C3 /* AppDelegate.swift in Sources */,
				19A3B1E028858962008F0FE2 /* Formatter.swift in Sources */,
				19FD266C287337C1003E09C3 /* UIButton+Extension.swift in Sources */,
				198256832874DCEB0060BDE5 /* String+Extension.swift in Sources */,
				19FD263A2872F3CD003E09C3 /* SceneDelegate.swift in Sources */,
				19A3B1E22885960E008F0FE2 /* AppConsts.swift in Sources */,
			);
			runOnlyForDeploymentPostprocessing = 0;
		};
		19FD26492872F3D0003E09C3 /* Sources */ = {
			isa = PBXSourcesBuildPhase;
			buildActionMask = 2147483647;
			files = (
				19A3B1E82889DEE0008F0FE2 /* ValidatorTests.swift in Sources */,
				198256852875BB7D0060BDE5 /* DoubleToStringTests.swift in Sources */,
				198256872875BD420060BDE5 /* StateToTextTests.swift in Sources */,
				19A3B1E62889DEC9008F0FE2 /* CalculatorTests.swift in Sources */,
				19A3B1EA2889DEF1008F0FE2 /* FormatterTests.swift in Sources */,
				19FD26522872F3D0003E09C3 /* StateMachineTests.swift in Sources */,
				19A3B1E42886AAB7008F0FE2 /* MakeTextTests.swift in Sources */,
			);
			runOnlyForDeploymentPostprocessing = 0;
		};
		19FD26532872F3D0003E09C3 /* Sources */ = {
			isa = PBXSourcesBuildPhase;
			buildActionMask = 2147483647;
			files = (
				19FD265E2872F3D0003E09C3 /* CurrencyConverterUITestsLaunchTests.swift in Sources */,
				19FD265C2872F3D0003E09C3 /* CurrencyConverterUITests.swift in Sources */,
			);
			runOnlyForDeploymentPostprocessing = 0;
		};
/* End PBXSourcesBuildPhase section */

/* Begin PBXTargetDependency section */
		19FD264F2872F3D0003E09C3 /* PBXTargetDependency */ = {
			isa = PBXTargetDependency;
			target = 19FD26332872F3CC003E09C3 /* CurrencyConverter */;
			targetProxy = 19FD264E2872F3D0003E09C3 /* PBXContainerItemProxy */;
		};
		19FD26592872F3D0003E09C3 /* PBXTargetDependency */ = {
			isa = PBXTargetDependency;
			target = 19FD26332872F3CC003E09C3 /* CurrencyConverter */;
			targetProxy = 19FD26582872F3D0003E09C3 /* PBXContainerItemProxy */;
		};
/* End PBXTargetDependency section */

/* Begin PBXVariantGroup section */
		19FD26452872F3D0003E09C3 /* LaunchScreen.storyboard */ = {
			isa = PBXVariantGroup;
			children = (
				19FD26462872F3D0003E09C3 /* Base */,
			);
			name = LaunchScreen.storyboard;
			sourceTree = "<group>";
		};
/* End PBXVariantGroup section */

/* Begin XCBuildConfiguration section */
		19FD265F2872F3D0003E09C3 /* Debug */ = {
			isa = XCBuildConfiguration;
			buildSettings = {
				ALWAYS_SEARCH_USER_PATHS = NO;
				CLANG_ANALYZER_NONNULL = YES;
				CLANG_ANALYZER_NUMBER_OBJECT_CONVERSION = YES_AGGRESSIVE;
				CLANG_CXX_LANGUAGE_STANDARD = "gnu++17";
				CLANG_ENABLE_MODULES = YES;
				CLANG_ENABLE_OBJC_ARC = YES;
				CLANG_ENABLE_OBJC_WEAK = YES;
				CLANG_WARN_BLOCK_CAPTURE_AUTORELEASING = YES;
				CLANG_WARN_BOOL_CONVERSION = YES;
				CLANG_WARN_COMMA = YES;
				CLANG_WARN_CONSTANT_CONVERSION = YES;
				CLANG_WARN_DEPRECATED_OBJC_IMPLEMENTATIONS = YES;
				CLANG_WARN_DIRECT_OBJC_ISA_USAGE = YES_ERROR;
				CLANG_WARN_DOCUMENTATION_COMMENTS = YES;
				CLANG_WARN_EMPTY_BODY = YES;
				CLANG_WARN_ENUM_CONVERSION = YES;
				CLANG_WARN_INFINITE_RECURSION = YES;
				CLANG_WARN_INT_CONVERSION = YES;
				CLANG_WARN_NON_LITERAL_NULL_CONVERSION = YES;
				CLANG_WARN_OBJC_IMPLICIT_RETAIN_SELF = YES;
				CLANG_WARN_OBJC_LITERAL_CONVERSION = YES;
				CLANG_WARN_OBJC_ROOT_CLASS = YES_ERROR;
				CLANG_WARN_QUOTED_INCLUDE_IN_FRAMEWORK_HEADER = YES;
				CLANG_WARN_RANGE_LOOP_ANALYSIS = YES;
				CLANG_WARN_STRICT_PROTOTYPES = YES;
				CLANG_WARN_SUSPICIOUS_MOVE = YES;
				CLANG_WARN_UNGUARDED_AVAILABILITY = YES_AGGRESSIVE;
				CLANG_WARN_UNREACHABLE_CODE = YES;
				CLANG_WARN__DUPLICATE_METHOD_MATCH = YES;
				COPY_PHASE_STRIP = NO;
				DEBUG_INFORMATION_FORMAT = dwarf;
				ENABLE_STRICT_OBJC_MSGSEND = YES;
				ENABLE_TESTABILITY = YES;
				GCC_C_LANGUAGE_STANDARD = gnu11;
				GCC_DYNAMIC_NO_PIC = NO;
				GCC_NO_COMMON_BLOCKS = YES;
				GCC_OPTIMIZATION_LEVEL = 0;
				GCC_PREPROCESSOR_DEFINITIONS = (
					"DEBUG=1",
					"$(inherited)",
				);
				GCC_WARN_64_TO_32_BIT_CONVERSION = YES;
				GCC_WARN_ABOUT_RETURN_TYPE = YES_ERROR;
				GCC_WARN_UNDECLARED_SELECTOR = YES;
				GCC_WARN_UNINITIALIZED_AUTOS = YES_AGGRESSIVE;
				GCC_WARN_UNUSED_FUNCTION = YES;
				GCC_WARN_UNUSED_VARIABLE = YES;
				IPHONEOS_DEPLOYMENT_TARGET = 15.4;
				MTL_ENABLE_DEBUG_INFO = INCLUDE_SOURCE;
				MTL_FAST_MATH = YES;
				ONLY_ACTIVE_ARCH = YES;
				SDKROOT = iphoneos;
				SWIFT_ACTIVE_COMPILATION_CONDITIONS = DEBUG;
				SWIFT_OPTIMIZATION_LEVEL = "-Onone";
			};
			name = Debug;
		};
		19FD26602872F3D0003E09C3 /* Release */ = {
			isa = XCBuildConfiguration;
			buildSettings = {
				ALWAYS_SEARCH_USER_PATHS = NO;
				CLANG_ANALYZER_NONNULL = YES;
				CLANG_ANALYZER_NUMBER_OBJECT_CONVERSION = YES_AGGRESSIVE;
				CLANG_CXX_LANGUAGE_STANDARD = "gnu++17";
				CLANG_ENABLE_MODULES = YES;
				CLANG_ENABLE_OBJC_ARC = YES;
				CLANG_ENABLE_OBJC_WEAK = YES;
				CLANG_WARN_BLOCK_CAPTURE_AUTORELEASING = YES;
				CLANG_WARN_BOOL_CONVERSION = YES;
				CLANG_WARN_COMMA = YES;
				CLANG_WARN_CONSTANT_CONVERSION = YES;
				CLANG_WARN_DEPRECATED_OBJC_IMPLEMENTATIONS = YES;
				CLANG_WARN_DIRECT_OBJC_ISA_USAGE = YES_ERROR;
				CLANG_WARN_DOCUMENTATION_COMMENTS = YES;
				CLANG_WARN_EMPTY_BODY = YES;
				CLANG_WARN_ENUM_CONVERSION = YES;
				CLANG_WARN_INFINITE_RECURSION = YES;
				CLANG_WARN_INT_CONVERSION = YES;
				CLANG_WARN_NON_LITERAL_NULL_CONVERSION = YES;
				CLANG_WARN_OBJC_IMPLICIT_RETAIN_SELF = YES;
				CLANG_WARN_OBJC_LITERAL_CONVERSION = YES;
				CLANG_WARN_OBJC_ROOT_CLASS = YES_ERROR;
				CLANG_WARN_QUOTED_INCLUDE_IN_FRAMEWORK_HEADER = YES;
				CLANG_WARN_RANGE_LOOP_ANALYSIS = YES;
				CLANG_WARN_STRICT_PROTOTYPES = YES;
				CLANG_WARN_SUSPICIOUS_MOVE = YES;
				CLANG_WARN_UNGUARDED_AVAILABILITY = YES_AGGRESSIVE;
				CLANG_WARN_UNREACHABLE_CODE = YES;
				CLANG_WARN__DUPLICATE_METHOD_MATCH = YES;
				COPY_PHASE_STRIP = NO;
				DEBUG_INFORMATION_FORMAT = "dwarf-with-dsym";
				ENABLE_NS_ASSERTIONS = NO;
				ENABLE_STRICT_OBJC_MSGSEND = YES;
				GCC_C_LANGUAGE_STANDARD = gnu11;
				GCC_NO_COMMON_BLOCKS = YES;
				GCC_WARN_64_TO_32_BIT_CONVERSION = YES;
				GCC_WARN_ABOUT_RETURN_TYPE = YES_ERROR;
				GCC_WARN_UNDECLARED_SELECTOR = YES;
				GCC_WARN_UNINITIALIZED_AUTOS = YES_AGGRESSIVE;
				GCC_WARN_UNUSED_FUNCTION = YES;
				GCC_WARN_UNUSED_VARIABLE = YES;
				IPHONEOS_DEPLOYMENT_TARGET = 15.4;
				MTL_ENABLE_DEBUG_INFO = NO;
				MTL_FAST_MATH = YES;
				SDKROOT = iphoneos;
				SWIFT_COMPILATION_MODE = wholemodule;
				SWIFT_OPTIMIZATION_LEVEL = "-O";
				VALIDATE_PRODUCT = YES;
			};
			name = Release;
		};
		19FD26622872F3D0003E09C3 /* Debug */ = {
			isa = XCBuildConfiguration;
			baseConfigurationReference = 6C369FA565FCDEE24E9905C8 /* Pods-CurrencyConverter.debug.xcconfig */;
			buildSettings = {
				ASSETCATALOG_COMPILER_APPICON_NAME = AppIcon;
				ASSETCATALOG_COMPILER_GLOBAL_ACCENT_COLOR_NAME = AccentColor;
				CODE_SIGN_STYLE = Automatic;
				CURRENT_PROJECT_VERSION = 1;
				DEVELOPMENT_TEAM = R48C6P8ZZH;
				GENERATE_INFOPLIST_FILE = YES;
				INFOPLIST_FILE = CurrencyConverter/Info.plist;
				INFOPLIST_KEY_UIApplicationSupportsIndirectInputEvents = YES;
				INFOPLIST_KEY_UILaunchStoryboardName = LaunchScreen;
				INFOPLIST_KEY_UISupportedInterfaceOrientations_iPad = "UIInterfaceOrientationPortrait UIInterfaceOrientationPortraitUpsideDown UIInterfaceOrientationLandscapeLeft UIInterfaceOrientationLandscapeRight";
				INFOPLIST_KEY_UISupportedInterfaceOrientations_iPhone = "UIInterfaceOrientationPortrait UIInterfaceOrientationLandscapeLeft UIInterfaceOrientationLandscapeRight";
				IPHONEOS_DEPLOYMENT_TARGET = 14.0;
				LD_RUNPATH_SEARCH_PATHS = (
					"$(inherited)",
					"@executable_path/Frameworks",
				);
				MARKETING_VERSION = 1.0;
				PRODUCT_BUNDLE_IDENTIFIER = com.gavrilko.CurrencyConverter;
				PRODUCT_NAME = "$(TARGET_NAME)";
				SWIFT_EMIT_LOC_STRINGS = YES;
				SWIFT_VERSION = 5.0;
				TARGETED_DEVICE_FAMILY = "1,2";
			};
			name = Debug;
		};
		19FD26632872F3D0003E09C3 /* Release */ = {
			isa = XCBuildConfiguration;
			baseConfigurationReference = F4CEF0BE38A22FE28C6E1724 /* Pods-CurrencyConverter.release.xcconfig */;
			buildSettings = {
				ASSETCATALOG_COMPILER_APPICON_NAME = AppIcon;
				ASSETCATALOG_COMPILER_GLOBAL_ACCENT_COLOR_NAME = AccentColor;
				CODE_SIGN_STYLE = Automatic;
				CURRENT_PROJECT_VERSION = 1;
				DEVELOPMENT_TEAM = R48C6P8ZZH;
				GENERATE_INFOPLIST_FILE = YES;
				INFOPLIST_FILE = CurrencyConverter/Info.plist;
				INFOPLIST_KEY_UIApplicationSupportsIndirectInputEvents = YES;
				INFOPLIST_KEY_UILaunchStoryboardName = LaunchScreen;
				INFOPLIST_KEY_UISupportedInterfaceOrientations_iPad = "UIInterfaceOrientationPortrait UIInterfaceOrientationPortraitUpsideDown UIInterfaceOrientationLandscapeLeft UIInterfaceOrientationLandscapeRight";
				INFOPLIST_KEY_UISupportedInterfaceOrientations_iPhone = "UIInterfaceOrientationPortrait UIInterfaceOrientationLandscapeLeft UIInterfaceOrientationLandscapeRight";
				IPHONEOS_DEPLOYMENT_TARGET = 14.0;
				LD_RUNPATH_SEARCH_PATHS = (
					"$(inherited)",
					"@executable_path/Frameworks",
				);
				MARKETING_VERSION = 1.0;
				PRODUCT_BUNDLE_IDENTIFIER = com.gavrilko.CurrencyConverter;
				PRODUCT_NAME = "$(TARGET_NAME)";
				SWIFT_EMIT_LOC_STRINGS = YES;
				SWIFT_VERSION = 5.0;
				TARGETED_DEVICE_FAMILY = "1,2";
			};
			name = Release;
		};
		19FD26652872F3D0003E09C3 /* Debug */ = {
			isa = XCBuildConfiguration;
			baseConfigurationReference = 5E881A7FC48D4F474E744FBD /* Pods-CurrencyConverterTests.debug.xcconfig */;
			buildSettings = {
				ALWAYS_EMBED_SWIFT_STANDARD_LIBRARIES = YES;
				BUNDLE_LOADER = "$(TEST_HOST)";
				CODE_SIGN_STYLE = Automatic;
				CURRENT_PROJECT_VERSION = 1;
				DEVELOPMENT_TEAM = R48C6P8ZZH;
				GENERATE_INFOPLIST_FILE = YES;
				IPHONEOS_DEPLOYMENT_TARGET = 15.4;
				MARKETING_VERSION = 1.0;
				PRODUCT_BUNDLE_IDENTIFIER = com.gavrilko.CurrencyConverterTests;
				PRODUCT_NAME = "$(TARGET_NAME)";
				SWIFT_EMIT_LOC_STRINGS = NO;
				SWIFT_VERSION = 5.0;
				TARGETED_DEVICE_FAMILY = "1,2";
				TEST_HOST = "$(BUILT_PRODUCTS_DIR)/CurrencyConverter.app/CurrencyConverter";
			};
			name = Debug;
		};
		19FD26662872F3D0003E09C3 /* Release */ = {
			isa = XCBuildConfiguration;
			baseConfigurationReference = 04B941E0F8378AB92CBD20A2 /* Pods-CurrencyConverterTests.release.xcconfig */;
			buildSettings = {
				ALWAYS_EMBED_SWIFT_STANDARD_LIBRARIES = YES;
				BUNDLE_LOADER = "$(TEST_HOST)";
				CODE_SIGN_STYLE = Automatic;
				CURRENT_PROJECT_VERSION = 1;
				DEVELOPMENT_TEAM = R48C6P8ZZH;
				GENERATE_INFOPLIST_FILE = YES;
				IPHONEOS_DEPLOYMENT_TARGET = 15.4;
				MARKETING_VERSION = 1.0;
				PRODUCT_BUNDLE_IDENTIFIER = com.gavrilko.CurrencyConverterTests;
				PRODUCT_NAME = "$(TARGET_NAME)";
				SWIFT_EMIT_LOC_STRINGS = NO;
				SWIFT_VERSION = 5.0;
				TARGETED_DEVICE_FAMILY = "1,2";
				TEST_HOST = "$(BUILT_PRODUCTS_DIR)/CurrencyConverter.app/CurrencyConverter";
			};
			name = Release;
		};
		19FD26682872F3D0003E09C3 /* Debug */ = {
			isa = XCBuildConfiguration;
			baseConfigurationReference = 2FE14B61D0A0706C154CDEBE /* Pods-CurrencyConverter-CurrencyConverterUITests.debug.xcconfig */;
			buildSettings = {
				ALWAYS_EMBED_SWIFT_STANDARD_LIBRARIES = YES;
				CODE_SIGN_STYLE = Automatic;
				CURRENT_PROJECT_VERSION = 1;
				DEVELOPMENT_TEAM = R48C6P8ZZH;
				GENERATE_INFOPLIST_FILE = YES;
				MARKETING_VERSION = 1.0;
				PRODUCT_BUNDLE_IDENTIFIER = com.gavrilko.CurrencyConverterUITests;
				PRODUCT_NAME = "$(TARGET_NAME)";
				SWIFT_EMIT_LOC_STRINGS = NO;
				SWIFT_VERSION = 5.0;
				TARGETED_DEVICE_FAMILY = "1,2";
				TEST_TARGET_NAME = CurrencyConverter;
			};
			name = Debug;
		};
		19FD26692872F3D0003E09C3 /* Release */ = {
			isa = XCBuildConfiguration;
			baseConfigurationReference = BB5B0C6981B826ED4512E872 /* Pods-CurrencyConverter-CurrencyConverterUITests.release.xcconfig */;
			buildSettings = {
				ALWAYS_EMBED_SWIFT_STANDARD_LIBRARIES = YES;
				CODE_SIGN_STYLE = Automatic;
				CURRENT_PROJECT_VERSION = 1;
				DEVELOPMENT_TEAM = R48C6P8ZZH;
				GENERATE_INFOPLIST_FILE = YES;
				MARKETING_VERSION = 1.0;
				PRODUCT_BUNDLE_IDENTIFIER = com.gavrilko.CurrencyConverterUITests;
				PRODUCT_NAME = "$(TARGET_NAME)";
				SWIFT_EMIT_LOC_STRINGS = NO;
				SWIFT_VERSION = 5.0;
				TARGETED_DEVICE_FAMILY = "1,2";
				TEST_TARGET_NAME = CurrencyConverter;
			};
			name = Release;
		};
/* End XCBuildConfiguration section */

/* Begin XCConfigurationList section */
		19FD262F2872F3CC003E09C3 /* Build configuration list for PBXProject "CurrencyConverter" */ = {
			isa = XCConfigurationList;
			buildConfigurations = (
				19FD265F2872F3D0003E09C3 /* Debug */,
				19FD26602872F3D0003E09C3 /* Release */,
			);
			defaultConfigurationIsVisible = 0;
			defaultConfigurationName = Release;
		};
		19FD26612872F3D0003E09C3 /* Build configuration list for PBXNativeTarget "CurrencyConverter" */ = {
			isa = XCConfigurationList;
			buildConfigurations = (
				19FD26622872F3D0003E09C3 /* Debug */,
				19FD26632872F3D0003E09C3 /* Release */,
			);
			defaultConfigurationIsVisible = 0;
			defaultConfigurationName = Release;
		};
		19FD26642872F3D0003E09C3 /* Build configuration list for PBXNativeTarget "CurrencyConverterTests" */ = {
			isa = XCConfigurationList;
			buildConfigurations = (
				19FD26652872F3D0003E09C3 /* Debug */,
				19FD26662872F3D0003E09C3 /* Release */,
			);
			defaultConfigurationIsVisible = 0;
			defaultConfigurationName = Release;
		};
		19FD26672872F3D0003E09C3 /* Build configuration list for PBXNativeTarget "CurrencyConverterUITests" */ = {
			isa = XCConfigurationList;
			buildConfigurations = (
				19FD26682872F3D0003E09C3 /* Debug */,
				19FD26692872F3D0003E09C3 /* Release */,
			);
			defaultConfigurationIsVisible = 0;
			defaultConfigurationName = Release;
		};
/* End XCConfigurationList section */

/* Begin XCVersionGroup section */
		19FD26402872F3CD003E09C3 /* CurrencyConverter.xcdatamodeld */ = {
			isa = XCVersionGroup;
			children = (
				19FD26412872F3CD003E09C3 /* CurrencyConverter.xcdatamodel */,
			);
			currentVersion = 19FD26412872F3CD003E09C3 /* CurrencyConverter.xcdatamodel */;
			path = CurrencyConverter.xcdatamodeld;
			sourceTree = "<group>";
			versionGroupType = wrapper.xcdatamodel;
		};
/* End XCVersionGroup section */
	};
	rootObject = 19FD262C2872F3CC003E09C3 /* Project object */;
}
