// !$*UTF8*$!
{
	archiveVersion = 1;
	classes = {
	};
	objectVersion = 55;
	objects = {

/* Begin PBXBuildFile section */
		19FD26382872F3CD003E09C3 /* AppDelegate.swift in Sources */ = {isa = PBXBuildFile; fileRef = 19FD26372872F3CD003E09C3 /* AppDelegate.swift */; };
		19FD263A2872F3CD003E09C3 /* SceneDelegate.swift in Sources */ = {isa = PBXBuildFile; fileRef = 19FD26392872F3CD003E09C3 /* SceneDelegate.swift */; };
		19FD263C2872F3CD003E09C3 /* ViewController.swift in Sources */ = {isa = PBXBuildFile; fileRef = 19FD263B2872F3CD003E09C3 /* ViewController.swift */; };
		19FD26422872F3CD003E09C3 /* CurrencyConverter.xcdatamodeld in Sources */ = {isa = PBXBuildFile; fileRef = 19FD26402872F3CD003E09C3 /* CurrencyConverter.xcdatamodeld */; };
		19FD26442872F3D0003E09C3 /* Assets.xcassets in Resources */ = {isa = PBXBuildFile; fileRef = 19FD26432872F3D0003E09C3 /* Assets.xcassets */; };
		19FD26472872F3D0003E09C3 /* LaunchScreen.storyboard in Resources */ = {isa = PBXBuildFile; fileRef = 19FD26452872F3D0003E09C3 /* LaunchScreen.storyboard */; };
		19FD26522872F3D0003E09C3 /* CurrencyConverterTests.swift in Sources */ = {isa = PBXBuildFile; fileRef = 19FD26512872F3D0003E09C3 /* CurrencyConverterTests.swift */; };
		19FD265C2872F3D0003E09C3 /* CurrencyConverterUITests.swift in Sources */ = {isa = PBXBuildFile; fileRef = 19FD265B2872F3D0003E09C3 /* CurrencyConverterUITests.swift */; };
		19FD265E2872F3D0003E09C3 /* CurrencyConverterUITestsLaunchTests.swift in Sources */ = {isa = PBXBuildFile; fileRef = 19FD265D2872F3D0003E09C3 /* CurrencyConverterUITestsLaunchTests.swift */; };
/* End PBXBuildFile section */

/* Begin PBXContainerItemProxy section */
		19FD264E2872F3D0003E09C3 /* PBXContainerItemProxy */ = {
			isa = PBXContainerItemProxy;
			containerPortal = 19FD262C2872F3CC003E09C3 /* Project object */;
			proxyType = 1;
			remoteGlobalIDString = 19FD26332872F3CC003E09C3;
			remoteInfo = CurrencyConverter;
		};
		19FD26582872F3D0003E09C3 /* PBXContainerItemProxy */ = {
			isa = PBXContainerItemProxy;
			containerPortal = 19FD262C2872F3CC003E09C3 /* Project object */;
			proxyType = 1;
			remoteGlobalIDString = 19FD26332872F3CC003E09C3;
			remoteInfo = CurrencyConverter;
		};
/* End PBXContainerItemProxy section */

/* Begin PBXFileReference section */
		19FD26342872F3CD003E09C3 /* CurrencyConverter.app */ = {isa = PBXFileReference; explicitFileType = wrapper.application; includeInIndex = 0; path = CurrencyConverter.app; sourceTree = BUILT_PRODUCTS_DIR; };
		19FD26372872F3CD003E09C3 /* AppDelegate.swift */ = {isa = PBXFileReference; lastKnownFileType = sourcecode.swift; path = AppDelegate.swift; sourceTree = "<group>"; };
		19FD26392872F3CD003E09C3 /* SceneDelegate.swift */ = {isa = PBXFileReference; lastKnownFileType = sourcecode.swift; path = SceneDelegate.swift; sourceTree = "<group>"; };
		19FD263B2872F3CD003E09C3 /* ViewController.swift */ = {isa = PBXFileReference; lastKnownFileType = sourcecode.swift; path = ViewController.swift; sourceTree = "<group>"; };
		19FD26412872F3CD003E09C3 /* CurrencyConverter.xcdatamodel */ = {isa = PBXFileReference; lastKnownFileType = wrapper.xcdatamodel; path = CurrencyConverter.xcdatamodel; sourceTree = "<group>"; };
		19FD26432872F3D0003E09C3 /* Assets.xcassets */ = {isa = PBXFileReference; lastKnownFileType = folder.assetcatalog; path = Assets.xcassets; sourceTree = "<group>"; };
		19FD26462872F3D0003E09C3 /* Base */ = {isa = PBXFileReference; lastKnownFileType = file.storyboard; name = Base; path = Base.lproj/LaunchScreen.storyboard; sourceTree = "<group>"; };
		19FD26482872F3D0003E09C3 /* Info.plist */ = {isa = PBXFileReference; lastKnownFileType = text.plist.xml; path = Info.plist; sourceTree = "<group>"; };
		19FD264D2872F3D0003E09C3 /* CurrencyConverterTests.xctest */ = {isa = PBXFileReference; explicitFileType = wrapper.cfbundle; includeInIndex = 0; path = CurrencyConverterTests.xctest; sourceTree = BUILT_PRODUCTS_DIR; };
		19FD26512872F3D0003E09C3 /* CurrencyConverterTests.swift */ = {isa = PBXFileReference; lastKnownFileType = sourcecode.swift; path = CurrencyConverterTests.swift; sourceTree = "<group>"; };
		19FD26572872F3D0003E09C3 /* CurrencyConverterUITests.xctest */ = {isa = PBXFileReference; explicitFileType = wrapper.cfbundle; includeInIndex = 0; path = CurrencyConverterUITests.xctest; sourceTree = BUILT_PRODUCTS_DIR; };
		19FD265B2872F3D0003E09C3 /* CurrencyConverterUITests.swift */ = {isa = PBXFileReference; lastKnownFileType = sourcecode.swift; path = CurrencyConverterUITests.swift; sourceTree = "<group>"; };
		19FD265D2872F3D0003E09C3 /* CurrencyConverterUITestsLaunchTests.swift */ = {isa = PBXFileReference; lastKnownFileType = sourcecode.swift; path = CurrencyConverterUITestsLaunchTests.swift; sourceTree = "<group>"; };
/* End PBXFileReference section */

/* Begin PBXFrameworksBuildPhase section */
		19FD26312872F3CC003E09C3 /* Frameworks */ = {
			isa = PBXFrameworksBuildPhase;
			buildActionMask = 2147483647;
			files = (
			);
			runOnlyForDeploymentPostprocessing = 0;
		};
		19FD264A2872F3D0003E09C3 /* Frameworks */ = {
			isa = PBXFrameworksBuildPhase;
			buildActionMask = 2147483647;
			files = (
			);
			runOnlyForDeploymentPostprocessing = 0;
		};
		19FD26542872F3D0003E09C3 /* Frameworks */ = {
			isa = PBXFrameworksBuildPhase;
			buildActionMask = 2147483647;
			files = (
			);
			runOnlyForDeploymentPostprocessing = 0;
		};
/* End PBXFrameworksBuildPhase section */

/* Begin PBXGroup section */
		19FD262B2872F3CC003E09C3 = {
			isa = PBXGroup;
			children = (
				19FD26362872F3CD003E09C3 /* CurrencyConverter */,
				19FD26502872F3D0003E09C3 /* CurrencyConverterTests */,
				19FD265A2872F3D0003E09C3 /* CurrencyConverterUITests */,
				19FD26352872F3CD003E09C3 /* Products */,
			);
			sourceTree = "<group>";
		};
		19FD26352872F3CD003E09C3 /* Products */ = {
			isa = PBXGroup;
			children = (
				19FD26342872F3CD003E09C3 /* CurrencyConverter.app */,
				19FD264D2872F3D0003E09C3 /* CurrencyConverterTests.xctest */,
				19FD26572872F3D0003E09C3 /* CurrencyConverterUITests.xctest */,
			);
			name = Products;
			sourceTree = "<group>";
		};
		19FD26362872F3CD003E09C3 /* CurrencyConverter */ = {
			isa = PBXGroup;
			children = (
				19FD26372872F3CD003E09C3 /* AppDelegate.swift */,
				19FD26392872F3CD003E09C3 /* SceneDelegate.swift */,
				19FD263B2872F3CD003E09C3 /* ViewController.swift */,
				19FD26432872F3D0003E09C3 /* Assets.xcassets */,
				19FD26452872F3D0003E09C3 /* LaunchScreen.storyboard */,
				19FD26482872F3D0003E09C3 /* Info.plist */,
				19FD26402872F3CD003E09C3 /* CurrencyConverter.xcdatamodeld */,
			);
			path = CurrencyConverter;
			sourceTree = "<group>";
		};
		19FD26502872F3D0003E09C3 /* CurrencyConverterTests */ = {
			isa = PBXGroup;
			children = (
				19FD26512872F3D0003E09C3 /* CurrencyConverterTests.swift */,
			);
			path = CurrencyConverterTests;
			sourceTree = "<group>";
		};
		19FD265A2872F3D0003E09C3 /* CurrencyConverterUITests */ = {
			isa = PBXGroup;
			children = (
				19FD265B2872F3D0003E09C3 /* CurrencyConverterUITests.swift */,
				19FD265D2872F3D0003E09C3 /* CurrencyConverterUITestsLaunchTests.swift */,
			);
			path = CurrencyConverterUITests;
			sourceTree = "<group>";
		};
/* End PBXGroup section */

/* Begin PBXNativeTarget section */
		19FD26332872F3CC003E09C3 /* CurrencyConverter */ = {
			isa = PBXNativeTarget;
			buildConfigurationList = 19FD26612872F3D0003E09C3 /* Build configuration list for PBXNativeTarget "CurrencyConverter" */;
			buildPhases = (
				19FD26302872F3CC003E09C3 /* Sources */,
				19FD26312872F3CC003E09C3 /* Frameworks */,
				19FD26322872F3CC003E09C3 /* Resources */,
			);
			buildRules = (
			);
			dependencies = (
			);
			name = CurrencyConverter;
			productName = CurrencyConverter;
			productReference = 19FD26342872F3CD003E09C3 /* CurrencyConverter.app */;
			productType = "com.apple.product-type.application";
		};
		19FD264C2872F3D0003E09C3 /* CurrencyConverterTests */ = {
			isa = PBXNativeTarget;
			buildConfigurationList = 19FD26642872F3D0003E09C3 /* Build configuration list for PBXNativeTarget "CurrencyConverterTests" */;
			buildPhases = (
				19FD26492872F3D0003E09C3 /* Sources */,
				19FD264A2872F3D0003E09C3 /* Frameworks */,
				19FD264B2872F3D0003E09C3 /* Resources */,
			);
			buildRules = (
			);
			dependencies = (
				19FD264F2872F3D0003E09C3 /* PBXTargetDependency */,
			);
			name = CurrencyConverterTests;
			productName = CurrencyConverterTests;
			productReference = 19FD264D2872F3D0003E09C3 /* CurrencyConverterTests.xctest */;
			productType = "com.apple.product-type.bundle.unit-test";
		};
		19FD26562872F3D0003E09C3 /* CurrencyConverterUITests */ = {
			isa = PBXNativeTarget;
			buildConfigurationList = 19FD26672872F3D0003E09C3 /* Build configuration list for PBXNativeTarget "CurrencyConverterUITests" */;
			buildPhases = (
				19FD26532872F3D0003E09C3 /* Sources */,
				19FD26542872F3D0003E09C3 /* Frameworks */,
				19FD26552872F3D0003E09C3 /* Resources */,
			);
			buildRules = (
			);
			dependencies = (
				19FD26592872F3D0003E09C3 /* PBXTargetDependency */,
			);
			name = CurrencyConverterUITests;
			productName = CurrencyConverterUITests;
			productReference = 19FD26572872F3D0003E09C3 /* CurrencyConverterUITests.xctest */;
			productType = "com.apple.product-type.bundle.ui-testing";
		};
/* End PBXNativeTarget section */

/* Begin PBXProject section */
		19FD262C2872F3CC003E09C3 /* Project object */ = {
			isa = PBXProject;
			attributes = {
				BuildIndependentTargetsInParallel = 1;
				LastSwiftUpdateCheck = 1330;
				LastUpgradeCheck = 1330;
				TargetAttributes = {
					19FD26332872F3CC003E09C3 = {
						CreatedOnToolsVersion = 13.3;
					};
					19FD264C2872F3D0003E09C3 = {
						CreatedOnToolsVersion = 13.3;
						TestTargetID = 19FD26332872F3CC003E09C3;
					};
					19FD26562872F3D0003E09C3 = {
						CreatedOnToolsVersion = 13.3;
						TestTargetID = 19FD26332872F3CC003E09C3;
					};
				};
			};
			buildConfigurationList = 19FD262F2872F3CC003E09C3 /* Build configuration list for PBXProject "CurrencyConverter" */;
			compatibilityVersion = "Xcode 13.0";
			developmentRegion = en;
			hasScannedForEncodings = 0;
			knownRegions = (
				en,
				Base,
			);
			mainGroup = 19FD262B2872F3CC003E09C3;
			productRefGroup = 19FD26352872F3CD003E09C3 /* Products */;
			projectDirPath = "";
			projectRoot = "";
			targets = (
				19FD26332872F3CC003E09C3 /* CurrencyConverter */,
				19FD264C2872F3D0003E09C3 /* CurrencyConverterTests */,
				19FD26562872F3D0003E09C3 /* CurrencyConverterUITests */,
			);
		};
/* End PBXProject section */

/* Begin PBXResourcesBuildPhase section */
		19FD26322872F3CC003E09C3 /* Resources */ = {
			isa = PBXResourcesBuildPhase;
			buildActionMask = 2147483647;
			files = (
				19FD26472872F3D0003E09C3 /* LaunchScreen.storyboard in Resources */,
				19FD26442872F3D0003E09C3 /* Assets.xcassets in Resources */,
			);
			runOnlyForDeploymentPostprocessing = 0;
		};
		19FD264B2872F3D0003E09C3 /* Resources */ = {
			isa = PBXResourcesBuildPhase;
			buildActionMask = 2147483647;
			files = (
			);
			runOnlyForDeploymentPostprocessing = 0;
		};
		19FD26552872F3D0003E09C3 /* Resources */ = {
			isa = PBXResourcesBuildPhase;
			buildActionMask = 2147483647;
			files = (
			);
			runOnlyForDeploymentPostprocessing = 0;
		};
/* End PBXResourcesBuildPhase section */

/* Begin PBXSourcesBuildPhase section */
		19FD26302872F3CC003E09C3 /* Sources */ = {
			isa = PBXSourcesBuildPhase;
			buildActionMask = 2147483647;
			files = (
				19FD263C2872F3CD003E09C3 /* ViewController.swift in Sources */,
				19FD26422872F3CD003E09C3 /* CurrencyConverter.xcdatamodeld in Sources */,
				19FD26382872F3CD003E09C3 /* AppDelegate.swift in Sources */,
				19FD263A2872F3CD003E09C3 /* SceneDelegate.swift in Sources */,
			);
			runOnlyForDeploymentPostprocessing = 0;
		};
		19FD26492872F3D0003E09C3 /* Sources */ = {
			isa = PBXSourcesBuildPhase;
			buildActionMask = 2147483647;
			files = (
				19FD26522872F3D0003E09C3 /* CurrencyConverterTests.swift in Sources */,
			);
			runOnlyForDeploymentPostprocessing = 0;
		};
		19FD26532872F3D0003E09C3 /* Sources */ = {
			isa = PBXSourcesBuildPhase;
			buildActionMask = 2147483647;
			files = (
				19FD265E2872F3D0003E09C3 /* CurrencyConverterUITestsLaunchTests.swift in Sources */,
				19FD265C2872F3D0003E09C3 /* CurrencyConverterUITests.swift in Sources */,
			);
			runOnlyForDeploymentPostprocessing = 0;
		};
/* End PBXSourcesBuildPhase section */

/* Begin PBXTargetDependency section */
		19FD264F2872F3D0003E09C3 /* PBXTargetDependency */ = {
			isa = PBXTargetDependency;
			target = 19FD26332872F3CC003E09C3 /* CurrencyConverter */;
			targetProxy = 19FD264E2872F3D0003E09C3 /* PBXContainerItemProxy */;
		};
		19FD26592872F3D0003E09C3 /* PBXTargetDependency */ = {
			isa = PBXTargetDependency;
			target = 19FD26332872F3CC003E09C3 /* CurrencyConverter */;
			targetProxy = 19FD26582872F3D0003E09C3 /* PBXContainerItemProxy */;
		};
/* End PBXTargetDependency section */

/* Begin PBXVariantGroup section */
		19FD26452872F3D0003E09C3 /* LaunchScreen.storyboard */ = {
			isa = PBXVariantGroup;
			children = (
				19FD26462872F3D0003E09C3 /* Base */,
			);
			name = LaunchScreen.storyboard;
			sourceTree = "<group>";
		};
/* End PBXVariantGroup section */

/* Begin XCBuildConfiguration section */
		19FD265F2872F3D0003E09C3 /* Debug */ = {
			isa = XCBuildConfiguration;
			buildSettings = {
				ALWAYS_SEARCH_USER_PATHS = NO;
				CLANG_ANALYZER_NONNULL = YES;
				CLANG_ANALYZER_NUMBER_OBJECT_CONVERSION = YES_AGGRESSIVE;
				CLANG_CXX_LANGUAGE_STANDARD = "gnu++17";
				CLANG_ENABLE_MODULES = YES;
				CLANG_ENABLE_OBJC_ARC = YES;
				CLANG_ENABLE_OBJC_WEAK = YES;
				CLANG_WARN_BLOCK_CAPTURE_AUTORELEASING = YES;
				CLANG_WARN_BOOL_CONVERSION = YES;
				CLANG_WARN_COMMA = YES;
				CLANG_WARN_CONSTANT_CONVERSION = YES;
				CLANG_WARN_DEPRECATED_OBJC_IMPLEMENTATIONS = YES;
				CLANG_WARN_DIRECT_OBJC_ISA_USAGE = YES_ERROR;
				CLANG_WARN_DOCUMENTATION_COMMENTS = YES;
				CLANG_WARN_EMPTY_BODY = YES;
				CLANG_WARN_ENUM_CONVERSION = YES;
				CLANG_WARN_INFINITE_RECURSION = YES;
				CLANG_WARN_INT_CONVERSION = YES;
				CLANG_WARN_NON_LITERAL_NULL_CONVERSION = YES;
				CLANG_WARN_OBJC_IMPLICIT_RETAIN_SELF = YES;
				CLANG_WARN_OBJC_LITERAL_CONVERSION = YES;
				CLANG_WARN_OBJC_ROOT_CLASS = YES_ERROR;
				CLANG_WARN_QUOTED_INCLUDE_IN_FRAMEWORK_HEADER = YES;
				CLANG_WARN_RANGE_LOOP_ANALYSIS = YES;
				CLANG_WARN_STRICT_PROTOTYPES = YES;
				CLANG_WARN_SUSPICIOUS_MOVE = YES;
				CLANG_WARN_UNGUARDED_AVAILABILITY = YES_AGGRESSIVE;
				CLANG_WARN_UNREACHABLE_CODE = YES;
				CLANG_WARN__DUPLICATE_METHOD_MATCH = YES;
				COPY_PHASE_STRIP = NO;
				DEBUG_INFORMATION_FORMAT = dwarf;
				ENABLE_STRICT_OBJC_MSGSEND = YES;
				ENABLE_TESTABILITY = YES;
				GCC_C_LANGUAGE_STANDARD = gnu11;
				GCC_DYNAMIC_NO_PIC = NO;
				GCC_NO_COMMON_BLOCKS = YES;
				GCC_OPTIMIZATION_LEVEL = 0;
				GCC_PREPROCESSOR_DEFINITIONS = (
					"DEBUG=1",
					"$(inherited)",
				);
				GCC_WARN_64_TO_32_BIT_CONVERSION = YES;
				GCC_WARN_ABOUT_RETURN_TYPE = YES_ERROR;
				GCC_WARN_UNDECLARED_SELECTOR = YES;
				GCC_WARN_UNINITIALIZED_AUTOS = YES_AGGRESSIVE;
				GCC_WARN_UNUSED_FUNCTION = YES;
				GCC_WARN_UNUSED_VARIABLE = YES;
				IPHONEOS_DEPLOYMENT_TARGET = 15.4;
				MTL_ENABLE_DEBUG_INFO = INCLUDE_SOURCE;
				MTL_FAST_MATH = YES;
				ONLY_ACTIVE_ARCH = YES;
				SDKROOT = iphoneos;
				SWIFT_ACTIVE_COMPILATION_CONDITIONS = DEBUG;
				SWIFT_OPTIMIZATION_LEVEL = "-Onone";
			};
			name = Debug;
		};
		19FD26602872F3D0003E09C3 /* Release */ = {
			isa = XCBuildConfiguration;
			buildSettings = {
				ALWAYS_SEARCH_USER_PATHS = NO;
				CLANG_ANALYZER_NONNULL = YES;
				CLANG_ANALYZER_NUMBER_OBJECT_CONVERSION = YES_AGGRESSIVE;
				CLANG_CXX_LANGUAGE_STANDARD = "gnu++17";
				CLANG_ENABLE_MODULES = YES;
				CLANG_ENABLE_OBJC_ARC = YES;
				CLANG_ENABLE_OBJC_WEAK = YES;
				CLANG_WARN_BLOCK_CAPTURE_AUTORELEASING = YES;
				CLANG_WARN_BOOL_CONVERSION = YES;
				CLANG_WARN_COMMA = YES;
				CLANG_WARN_CONSTANT_CONVERSION = YES;
				CLANG_WARN_DEPRECATED_OBJC_IMPLEMENTATIONS = YES;
				CLANG_WARN_DIRECT_OBJC_ISA_USAGE = YES_ERROR;
				CLANG_WARN_DOCUMENTATION_COMMENTS = YES;
				CLANG_WARN_EMPTY_BODY = YES;
				CLANG_WARN_ENUM_CONVERSION = YES;
				CLANG_WARN_INFINITE_RECURSION = YES;
				CLANG_WARN_INT_CONVERSION = YES;
				CLANG_WARN_NON_LITERAL_NULL_CONVERSION = YES;
				CLANG_WARN_OBJC_IMPLICIT_RETAIN_SELF = YES;
				CLANG_WARN_OBJC_LITERAL_CONVERSION = YES;
				CLANG_WARN_OBJC_ROOT_CLASS = YES_ERROR;
				CLANG_WARN_QUOTED_INCLUDE_IN_FRAMEWORK_HEADER = YES;
				CLANG_WARN_RANGE_LOOP_ANALYSIS = YES;
				CLANG_WARN_STRICT_PROTOTYPES = YES;
				CLANG_WARN_SUSPICIOUS_MOVE = YES;
				CLANG_WARN_UNGUARDED_AVAILABILITY = YES_AGGRESSIVE;
				CLANG_WARN_UNREACHABLE_CODE = YES;
				CLANG_WARN__DUPLICATE_METHOD_MATCH = YES;
				COPY_PHASE_STRIP = NO;
				DEBUG_INFORMATION_FORMAT = "dwarf-with-dsym";
				ENABLE_NS_ASSERTIONS = NO;
				ENABLE_STRICT_OBJC_MSGSEND = YES;
				GCC_C_LANGUAGE_STANDARD = gnu11;
				GCC_NO_COMMON_BLOCKS = YES;
				GCC_WARN_64_TO_32_BIT_CONVERSION = YES;
				GCC_WARN_ABOUT_RETURN_TYPE = YES_ERROR;
				GCC_WARN_UNDECLARED_SELECTOR = YES;
				GCC_WARN_UNINITIALIZED_AUTOS = YES_AGGRESSIVE;
				GCC_WARN_UNUSED_FUNCTION = YES;
				GCC_WARN_UNUSED_VARIABLE = YES;
				IPHONEOS_DEPLOYMENT_TARGET = 15.4;
				MTL_ENABLE_DEBUG_INFO = NO;
				MTL_FAST_MATH = YES;
				SDKROOT = iphoneos;
				SWIFT_COMPILATION_MODE = wholemodule;
				SWIFT_OPTIMIZATION_LEVEL = "-O";
				VALIDATE_PRODUCT = YES;
			};
			name = Release;
		};
		19FD26622872F3D0003E09C3 /* Debug */ = {
			isa = XCBuildConfiguration;
			buildSettings = {
				ASSETCATALOG_COMPILER_APPICON_NAME = AppIcon;
				ASSETCATALOG_COMPILER_GLOBAL_ACCENT_COLOR_NAME = AccentColor;
				CODE_SIGN_STYLE = Automatic;
				CURRENT_PROJECT_VERSION = 1;
				DEVELOPMENT_TEAM = R48C6P8ZZH;
				GENERATE_INFOPLIST_FILE = YES;
				INFOPLIST_FILE = CurrencyConverter/Info.plist;
				INFOPLIST_KEY_UIApplicationSupportsIndirectInputEvents = YES;
				INFOPLIST_KEY_UILaunchStoryboardName = LaunchScreen;
				INFOPLIST_KEY_UISupportedInterfaceOrientations_iPad = "UIInterfaceOrientationPortrait UIInterfaceOrientationPortraitUpsideDown UIInterfaceOrientationLandscapeLeft UIInterfaceOrientationLandscapeRight";
				INFOPLIST_KEY_UISupportedInterfaceOrientations_iPhone = "UIInterfaceOrientationPortrait UIInterfaceOrientationLandscapeLeft UIInterfaceOrientationLandscapeRight";
				IPHONEOS_DEPLOYMENT_TARGET = 14.0;
				LD_RUNPATH_SEARCH_PATHS = (
					"$(inherited)",
					"@executable_path/Frameworks",
				);
				MARKETING_VERSION = 1.0;
				PRODUCT_BUNDLE_IDENTIFIER = com.gavrilko.CurrencyConverter;
				PRODUCT_NAME = "$(TARGET_NAME)";
				SWIFT_EMIT_LOC_STRINGS = YES;
				SWIFT_VERSION = 5.0;
				TARGETED_DEVICE_FAMILY = "1,2";
			};
			name = Debug;
		};
		19FD26632872F3D0003E09C3 /* Release */ = {
			isa = XCBuildConfiguration;
			buildSettings = {
				ASSETCATALOG_COMPILER_APPICON_NAME = AppIcon;
				ASSETCATALOG_COMPILER_GLOBAL_ACCENT_COLOR_NAME = AccentColor;
				CODE_SIGN_STYLE = Automatic;
				CURRENT_PROJECT_VERSION = 1;
				DEVELOPMENT_TEAM = R48C6P8ZZH;
				GENERATE_INFOPLIST_FILE = YES;
				INFOPLIST_FILE = CurrencyConverter/Info.plist;
				INFOPLIST_KEY_UIApplicationSupportsIndirectInputEvents = YES;
				INFOPLIST_KEY_UILaunchStoryboardName = LaunchScreen;
				INFOPLIST_KEY_UISupportedInterfaceOrientations_iPad = "UIInterfaceOrientationPortrait UIInterfaceOrientationPortraitUpsideDown UIInterfaceOrientationLandscapeLeft UIInterfaceOrientationLandscapeRight";
				INFOPLIST_KEY_UISupportedInterfaceOrientations_iPhone = "UIInterfaceOrientationPortrait UIInterfaceOrientationLandscapeLeft UIInterfaceOrientationLandscapeRight";
				IPHONEOS_DEPLOYMENT_TARGET = 14.0;
				LD_RUNPATH_SEARCH_PATHS = (
					"$(inherited)",
					"@executable_path/Frameworks",
				);
				MARKETING_VERSION = 1.0;
				PRODUCT_BUNDLE_IDENTIFIER = com.gavrilko.CurrencyConverter;
				PRODUCT_NAME = "$(TARGET_NAME)";
				SWIFT_EMIT_LOC_STRINGS = YES;
				SWIFT_VERSION = 5.0;
				TARGETED_DEVICE_FAMILY = "1,2";
			};
			name = Release;
		};
		19FD26652872F3D0003E09C3 /* Debug */ = {
			isa = XCBuildConfiguration;
			buildSettings = {
				ALWAYS_EMBED_SWIFT_STANDARD_LIBRARIES = YES;
				BUNDLE_LOADER = "$(TEST_HOST)";
				CODE_SIGN_STYLE = Automatic;
				CURRENT_PROJECT_VERSION = 1;
				DEVELOPMENT_TEAM = R48C6P8ZZH;
				GENERATE_INFOPLIST_FILE = YES;
				IPHONEOS_DEPLOYMENT_TARGET = 15.4;
				MARKETING_VERSION = 1.0;
				PRODUCT_BUNDLE_IDENTIFIER = com.gavrilko.CurrencyConverterTests;
				PRODUCT_NAME = "$(TARGET_NAME)";
				SWIFT_EMIT_LOC_STRINGS = NO;
				SWIFT_VERSION = 5.0;
				TARGETED_DEVICE_FAMILY = "1,2";
				TEST_HOST = "$(BUILT_PRODUCTS_DIR)/CurrencyConverter.app/CurrencyConverter";
			};
			name = Debug;
		};
		19FD26662872F3D0003E09C3 /* Release */ = {
			isa = XCBuildConfiguration;
			buildSettings = {
				ALWAYS_EMBED_SWIFT_STANDARD_LIBRARIES = YES;
				BUNDLE_LOADER = "$(TEST_HOST)";
				CODE_SIGN_STYLE = Automatic;
				CURRENT_PROJECT_VERSION = 1;
				DEVELOPMENT_TEAM = R48C6P8ZZH;
				GENERATE_INFOPLIST_FILE = YES;
				IPHONEOS_DEPLOYMENT_TARGET = 15.4;
				MARKETING_VERSION = 1.0;
				PRODUCT_BUNDLE_IDENTIFIER = com.gavrilko.CurrencyConverterTests;
				PRODUCT_NAME = "$(TARGET_NAME)";
				SWIFT_EMIT_LOC_STRINGS = NO;
				SWIFT_VERSION = 5.0;
				TARGETED_DEVICE_FAMILY = "1,2";
				TEST_HOST = "$(BUILT_PRODUCTS_DIR)/CurrencyConverter.app/CurrencyConverter";
			};
			name = Release;
		};
		19FD26682872F3D0003E09C3 /* Debug */ = {
			isa = XCBuildConfiguration;
			buildSettings = {
				ALWAYS_EMBED_SWIFT_STANDARD_LIBRARIES = YES;
				CODE_SIGN_STYLE = Automatic;
				CURRENT_PROJECT_VERSION = 1;
				DEVELOPMENT_TEAM = R48C6P8ZZH;
				GENERATE_INFOPLIST_FILE = YES;
				MARKETING_VERSION = 1.0;
				PRODUCT_BUNDLE_IDENTIFIER = com.gavrilko.CurrencyConverterUITests;
				PRODUCT_NAME = "$(TARGET_NAME)";
				SWIFT_EMIT_LOC_STRINGS = NO;
				SWIFT_VERSION = 5.0;
				TARGETED_DEVICE_FAMILY = "1,2";
				TEST_TARGET_NAME = CurrencyConverter;
			};
			name = Debug;
		};
		19FD26692872F3D0003E09C3 /* Release */ = {
			isa = XCBuildConfiguration;
			buildSettings = {
				ALWAYS_EMBED_SWIFT_STANDARD_LIBRARIES = YES;
				CODE_SIGN_STYLE = Automatic;
				CURRENT_PROJECT_VERSION = 1;
				DEVELOPMENT_TEAM = R48C6P8ZZH;
				GENERATE_INFOPLIST_FILE = YES;
				MARKETING_VERSION = 1.0;
				PRODUCT_BUNDLE_IDENTIFIER = com.gavrilko.CurrencyConverterUITests;
				PRODUCT_NAME = "$(TARGET_NAME)";
				SWIFT_EMIT_LOC_STRINGS = NO;
				SWIFT_VERSION = 5.0;
				TARGETED_DEVICE_FAMILY = "1,2";
				TEST_TARGET_NAME = CurrencyConverter;
			};
			name = Release;
		};
/* End XCBuildConfiguration section */

/* Begin XCConfigurationList section */
		19FD262F2872F3CC003E09C3 /* Build configuration list for PBXProject "CurrencyConverter" */ = {
			isa = XCConfigurationList;
			buildConfigurations = (
				19FD265F2872F3D0003E09C3 /* Debug */,
				19FD26602872F3D0003E09C3 /* Release */,
			);
			defaultConfigurationIsVisible = 0;
			defaultConfigurationName = Release;
		};
		19FD26612872F3D0003E09C3 /* Build configuration list for PBXNativeTarget "CurrencyConverter" */ = {
			isa = XCConfigurationList;
			buildConfigurations = (
				19FD26622872F3D0003E09C3 /* Debug */,
				19FD26632872F3D0003E09C3 /* Release */,
			);
			defaultConfigurationIsVisible = 0;
			defaultConfigurationName = Release;
		};
		19FD26642872F3D0003E09C3 /* Build configuration list for PBXNativeTarget "CurrencyConverterTests" */ = {
			isa = XCConfigurationList;
			buildConfigurations = (
				19FD26652872F3D0003E09C3 /* Debug */,
				19FD26662872F3D0003E09C3 /* Release */,
			);
			defaultConfigurationIsVisible = 0;
			defaultConfigurationName = Release;
		};
		19FD26672872F3D0003E09C3 /* Build configuration list for PBXNativeTarget "CurrencyConverterUITests" */ = {
			isa = XCConfigurationList;
			buildConfigurations = (
				19FD26682872F3D0003E09C3 /* Debug */,
				19FD26692872F3D0003E09C3 /* Release */,
			);
			defaultConfigurationIsVisible = 0;
			defaultConfigurationName = Release;
		};
/* End XCConfigurationList section */

/* Begin XCVersionGroup section */
		19FD26402872F3CD003E09C3 /* CurrencyConverter.xcdatamodeld */ = {
			isa = XCVersionGroup;
			children = (
				19FD26412872F3CD003E09C3 /* CurrencyConverter.xcdatamodel */,
			);
			currentVersion = 19FD26412872F3CD003E09C3 /* CurrencyConverter.xcdatamodel */;
			path = CurrencyConverter.xcdatamodeld;
			sourceTree = "<group>";
			versionGroupType = wrapper.xcdatamodel;
		};
/* End XCVersionGroup section */
	};
	rootObject = 19FD262C2872F3CC003E09C3 /* Project object */;
}
